
Microsoft Visual Studio Solution File, Format Version 12.00
# Visual Studio 15
VisualStudioVersion = 15.0.27703.2035
MinimumVisualStudioVersion = 10.0.40219.1
Project("{FAE04EC0-301F-11D3-BF4B-00C04F79EFBC}") = "ProjetoTI2-servidor", "ProjetoTI2-servidor\ProjetoTI2-servidor.csproj", "{89AF1F47-3287-4031-8328-AB6D7A38E3DE}"
EndProject
Global
	GlobalSection(SolutionConfigurationPlatforms) = preSolution
		Debug|Any CPU = Debug|Any CPU
		Release|Any CPU = Release|Any CPU
	EndGlobalSection
	GlobalSection(ProjectConfigurationPlatforms) = postSolution
		{89AF1F47-3287-4031-8328-AB6D7A38E3DE}.Debug|Any CPU.ActiveCfg = Debug|Any CPU
		{89AF1F47-3287-4031-8328-AB6D7A38E3DE}.Debug|Any CPU.Build.0 = Debug|Any CPU
		{89AF1F47-3287-4031-8328-AB6D7A38E3DE}.Release|Any CPU.ActiveCfg = Release|Any CPU
		{89AF1F47-3287-4031-8328-AB6D7A38E3DE}.Release|Any CPU.Build.0 = Release|Any CPU
	EndGlobalSection
	GlobalSection(SolutionProperties) = preSolution
		HideSolutionNode = FALSE
	EndGlobalSection
	GlobalSection(ExtensibilityGlobals) = postSolution
		SolutionGuid = {7002B6BD-7D05-4447-AD25-CBB4B78F10A3}
	EndGlobalSection
EndGlobal
